
Microsoft Visual Studio Solution File, Format Version 12.00
# Visual Studio Version 17
VisualStudioVersion = 17.11.35327.3
MinimumVisualStudioVersion = 10.0.40219.1
Project("{FAE04EC0-301F-11D3-BF4B-00C04F79EFBC}") = "ORLKlinika.Web", "AppBackend\ORLKlinika.Web.csproj", "{EEE913AB-7BD4-47F1-A86F-C7378884BE32}"
EndProject
Project("{FAE04EC0-301F-11D3-BF4B-00C04F79EFBC}") = "App.Domain", "App.Domain\App.Domain.csproj", "{77463C5E-3400-4F80-8113-D104AB935B59}"
EndProject
Project("{FAE04EC0-301F-11D3-BF4B-00C04F79EFBC}") = "App.ServiceLayer", "App.ServiceLayer\App.ServiceLayer.csproj", "{5FBA2B45-CAED-4A1E-AB9C-9DF9522AA5B3}"
EndProject
Project("{FAE04EC0-301F-11D3-BF4B-00C04F79EFBC}") = "App.Infrastructure", "App.Infrastructure\App.Infrastructure.csproj", "{7F508D22-F887-4189-8617-5D338CFBA198}"
EndProject
Global
	GlobalSection(SolutionConfigurationPlatforms) = preSolution
		Debug|Any CPU = Debug|Any CPU
		Release|Any CPU = Release|Any CPU
	EndGlobalSection
	GlobalSection(ProjectConfigurationPlatforms) = postSolution
		{EEE913AB-7BD4-47F1-A86F-C7378884BE32}.Debug|Any CPU.ActiveCfg = Debug|Any CPU
		{EEE913AB-7BD4-47F1-A86F-C7378884BE32}.Debug|Any CPU.Build.0 = Debug|Any CPU
		{EEE913AB-7BD4-47F1-A86F-C7378884BE32}.Release|Any CPU.ActiveCfg = Release|Any CPU
		{EEE913AB-7BD4-47F1-A86F-C7378884BE32}.Release|Any CPU.Build.0 = Release|Any CPU
		{77463C5E-3400-4F80-8113-D104AB935B59}.Debug|Any CPU.ActiveCfg = Debug|Any CPU
		{77463C5E-3400-4F80-8113-D104AB935B59}.Debug|Any CPU.Build.0 = Debug|Any CPU
		{77463C5E-3400-4F80-8113-D104AB935B59}.Release|Any CPU.ActiveCfg = Release|Any CPU
		{77463C5E-3400-4F80-8113-D104AB935B59}.Release|Any CPU.Build.0 = Release|Any CPU
		{5FBA2B45-CAED-4A1E-AB9C-9DF9522AA5B3}.Debug|Any CPU.ActiveCfg = Debug|Any CPU
		{5FBA2B45-CAED-4A1E-AB9C-9DF9522AA5B3}.Debug|Any CPU.Build.0 = Debug|Any CPU
		{5FBA2B45-CAED-4A1E-AB9C-9DF9522AA5B3}.Release|Any CPU.ActiveCfg = Release|Any CPU
		{5FBA2B45-CAED-4A1E-AB9C-9DF9522AA5B3}.Release|Any CPU.Build.0 = Release|Any CPU
		{7F508D22-F887-4189-8617-5D338CFBA198}.Debug|Any CPU.ActiveCfg = Debug|Any CPU
		{7F508D22-F887-4189-8617-5D338CFBA198}.Debug|Any CPU.Build.0 = Debug|Any CPU
		{7F508D22-F887-4189-8617-5D338CFBA198}.Release|Any CPU.ActiveCfg = Release|Any CPU
		{7F508D22-F887-4189-8617-5D338CFBA198}.Release|Any CPU.Build.0 = Release|Any CPU
	EndGlobalSection
	GlobalSection(SolutionProperties) = preSolution
		HideSolutionNode = FALSE
	EndGlobalSection
	GlobalSection(ExtensibilityGlobals) = postSolution
		SolutionGuid = {9F13032A-AA91-43F2-8E91-70BDFE61E353}
	EndGlobalSection
EndGlobal
